
Microsoft Visual Studio Solution File, Format Version 12.00
# Visual Studio 15
VisualStudioVersion = 15.0.27703.2026
MinimumVisualStudioVersion = 10.0.40219.1
Project("{9A19103F-16F7-4668-BE54-9A1E7A4F7556}") = "VaHelpDesk.Core", "VaHelpDesk.Core\VaHelpDesk.Core.csproj", "{06E32E5C-B66D-48B5-9A27-ECC31C238485}"
EndProject
Project("{FAE04EC0-301F-11D3-BF4B-00C04F79EFBC}") = "VaHelpDesk.Web", "VaHelpDesk.Web\VaHelpDesk.Web.csproj", "{3A0887C7-F2D6-45B2-8E0C-5B1FF56890B1}"
EndProject
Global
	GlobalSection(SolutionConfigurationPlatforms) = preSolution
		Debug|Any CPU = Debug|Any CPU
		Release|Any CPU = Release|Any CPU
	EndGlobalSection
	GlobalSection(ProjectConfigurationPlatforms) = postSolution
		{06E32E5C-B66D-48B5-9A27-ECC31C238485}.Debug|Any CPU.ActiveCfg = Debug|Any CPU
		{06E32E5C-B66D-48B5-9A27-ECC31C238485}.Debug|Any CPU.Build.0 = Debug|Any CPU
		{06E32E5C-B66D-48B5-9A27-ECC31C238485}.Release|Any CPU.ActiveCfg = Release|Any CPU
		{06E32E5C-B66D-48B5-9A27-ECC31C238485}.Release|Any CPU.Build.0 = Release|Any CPU
		{3A0887C7-F2D6-45B2-8E0C-5B1FF56890B1}.Debug|Any CPU.ActiveCfg = Debug|Any CPU
		{3A0887C7-F2D6-45B2-8E0C-5B1FF56890B1}.Debug|Any CPU.Build.0 = Debug|Any CPU
		{3A0887C7-F2D6-45B2-8E0C-5B1FF56890B1}.Release|Any CPU.ActiveCfg = Release|Any CPU
		{3A0887C7-F2D6-45B2-8E0C-5B1FF56890B1}.Release|Any CPU.Build.0 = Release|Any CPU
	EndGlobalSection
	GlobalSection(SolutionProperties) = preSolution
		HideSolutionNode = FALSE
	EndGlobalSection
	GlobalSection(ExtensibilityGlobals) = postSolution
		SolutionGuid = {5C39EA88-5C31-490B-B435-ED07232131EA}
	EndGlobalSection
EndGlobal
